// !$*UTF8*$!
{
	archiveVersion = 1;
	classes = {
	};
	objectVersion = 46;
	objects = {

/* Begin PBXBuildFile section */
		6109942919EC9B03003CAEDD /* SignInViewController.swift in Sources */ = {isa = PBXBuildFile; fileRef = 6109942819EC9B03003CAEDD /* SignInViewController.swift */; };
		611F178419EE197000DAEC15 /* SettingsViewController.swift in Sources */ = {isa = PBXBuildFile; fileRef = 611F178319EE197000DAEC15 /* SettingsViewController.swift */; };
		611F178619EE2B5A00DAEC15 /* ContactsViewController.swift in Sources */ = {isa = PBXBuildFile; fileRef = 611F178519EE2B5A00DAEC15 /* ContactsViewController.swift */; };
		800DFBAB19ED258E006CD470 /* CoreLocation.framework in Frameworks */ = {isa = PBXBuildFile; fileRef = 800DFBAA19ED258E006CD470 /* CoreLocation.framework */; };
		80246B9E19F4E51800BD6261 /* LocationCell.swift in Sources */ = {isa = PBXBuildFile; fileRef = 80246B9D19F4E51800BD6261 /* LocationCell.swift */; };
		803B27FE19F393F10045C0F4 /* EditNameViewController.swift in Sources */ = {isa = PBXBuildFile; fileRef = 803B27FD19F393F10045C0F4 /* EditNameViewController.swift */; };
		803B280419F46E990045C0F4 /* EditDateTimeViewController.swift in Sources */ = {isa = PBXBuildFile; fileRef = 803B280319F46E990045C0F4 /* EditDateTimeViewController.swift */; };
		803B280619F46ED00045C0F4 /* EditLocationViewController.swift in Sources */ = {isa = PBXBuildFile; fileRef = 803B280519F46ED00045C0F4 /* EditLocationViewController.swift */; };
		803B281519F48C670045C0F4 /* DateUtil.m in Sources */ = {isa = PBXBuildFile; fileRef = 803B280C19F48C670045C0F4 /* DateUtil.m */; };
		803B281619F48C670045C0F4 /* DMLazyScrollView.m in Sources */ = {isa = PBXBuildFile; fileRef = 803B280F19F48C670045C0F4 /* DMLazyScrollView.m */; };
		803B281719F48C670045C0F4 /* SACalendar.m in Sources */ = {isa = PBXBuildFile; fileRef = 803B281119F48C670045C0F4 /* SACalendar.m */; };
		803B281819F48C670045C0F4 /* SACalendarCell.m in Sources */ = {isa = PBXBuildFile; fileRef = 803B281319F48C670045C0F4 /* SACalendarCell.m */; };
		803B281A19F48CDE0045C0F4 /* DayViewController.swift in Sources */ = {isa = PBXBuildFile; fileRef = 803B281919F48CDE0045C0F4 /* DayViewController.swift */; };
		80895C3119F5120100998F5C /* TimeInDayViewController.swift in Sources */ = {isa = PBXBuildFile; fileRef = 80895C3019F5120100998F5C /* TimeInDayViewController.swift */; };
		80A68E5419D15FB700D34365 /* AppDelegate.swift in Sources */ = {isa = PBXBuildFile; fileRef = 80A68E5319D15FB700D34365 /* AppDelegate.swift */; };
		80A68E5619D15FB700D34365 /* ViewController.swift in Sources */ = {isa = PBXBuildFile; fileRef = 80A68E5519D15FB700D34365 /* ViewController.swift */; };
		80A68E5919D15FB700D34365 /* Main.storyboard in Resources */ = {isa = PBXBuildFile; fileRef = 80A68E5719D15FB700D34365 /* Main.storyboard */; };
		80A68E5B19D15FB700D34365 /* Images.xcassets in Resources */ = {isa = PBXBuildFile; fileRef = 80A68E5A19D15FB700D34365 /* Images.xcassets */; };
		80A68E5E19D15FB700D34365 /* LaunchScreen.xib in Resources */ = {isa = PBXBuildFile; fileRef = 80A68E5C19D15FB700D34365 /* LaunchScreen.xib */; };
		80A68E6A19D15FB700D34365 /* Group_ProjectTests.swift in Sources */ = {isa = PBXBuildFile; fileRef = 80A68E6919D15FB700D34365 /* Group_ProjectTests.swift */; };
		80AB88BD19DBB21B0082367C /* CreateAccountViewController.swift in Sources */ = {isa = PBXBuildFile; fileRef = 80AB88BC19DBB21B0082367C /* CreateAccountViewController.swift */; };
		80AB88BF19DBB31D0082367C /* CreateEventViewController.swift in Sources */ = {isa = PBXBuildFile; fileRef = 80AB88BE19DBB31D0082367C /* CreateEventViewController.swift */; };
		80BB61FC19F4CDC300EDA4AE /* EventViewController.swift in Sources */ = {isa = PBXBuildFile; fileRef = 80BB61FB19F4CDC300EDA4AE /* EventViewController.swift */; };
		80CB752C19F330F0006516C6 /* SuppliesViewController.swift in Sources */ = {isa = PBXBuildFile; fileRef = 80CB752B19F330F0006516C6 /* SuppliesViewController.swift */; };
		80CB752E19F33472006516C6 /* SuppliesCell.swift in Sources */ = {isa = PBXBuildFile; fileRef = 80CB752D19F33472006516C6 /* SuppliesCell.swift */; };
		AFA6A7D519F03F0E00E81508 /* NewUserViewController.swift in Sources */ = {isa = PBXBuildFile; fileRef = AFA6A7D419F03F0E00E81508 /* NewUserViewController.swift */; };
		AFB3858C19F07BF30031CA5E /* EventTableViewCell.swift in Sources */ = {isa = PBXBuildFile; fileRef = AFB3858B19F07BF30031CA5E /* EventTableViewCell.swift */; };
		AFB3858E19F07C590031CA5E /* EventCell.swift in Sources */ = {isa = PBXBuildFile; fileRef = AFB3858D19F07C590031CA5E /* EventCell.swift */; };
		AFCA6E0319F2FD11008F3861 /* TableViewViewController.swift in Sources */ = {isa = PBXBuildFile; fileRef = AFCA6E0219F2FD11008F3861 /* TableViewViewController.swift */; };
/* End PBXBuildFile section */

/* Begin PBXContainerItemProxy section */
		80A68E6419D15FB700D34365 /* PBXContainerItemProxy */ = {
			isa = PBXContainerItemProxy;
			containerPortal = 80A68E4619D15FB700D34365 /* Project object */;
			proxyType = 1;
			remoteGlobalIDString = 80A68E4D19D15FB700D34365;
			remoteInfo = "Group Project";
		};
/* End PBXContainerItemProxy section */

/* Begin PBXFileReference section */
		6109942819EC9B03003CAEDD /* SignInViewController.swift */ = {isa = PBXFileReference; fileEncoding = 4; lastKnownFileType = sourcecode.swift; path = SignInViewController.swift; sourceTree = "<group>"; };
		611F178319EE197000DAEC15 /* SettingsViewController.swift */ = {isa = PBXFileReference; fileEncoding = 4; lastKnownFileType = sourcecode.swift; path = SettingsViewController.swift; sourceTree = "<group>"; };
		611F178519EE2B5A00DAEC15 /* ContactsViewController.swift */ = {isa = PBXFileReference; fileEncoding = 4; lastKnownFileType = sourcecode.swift; path = ContactsViewController.swift; sourceTree = "<group>"; };
		800DFBAA19ED258E006CD470 /* CoreLocation.framework */ = {isa = PBXFileReference; lastKnownFileType = wrapper.framework; name = CoreLocation.framework; path = System/Library/Frameworks/CoreLocation.framework; sourceTree = SDKROOT; };
		80246B9D19F4E51800BD6261 /* LocationCell.swift */ = {isa = PBXFileReference; fileEncoding = 4; lastKnownFileType = sourcecode.swift; path = LocationCell.swift; sourceTree = "<group>"; };
		803B27FD19F393F10045C0F4 /* EditNameViewController.swift */ = {isa = PBXFileReference; fileEncoding = 4; lastKnownFileType = sourcecode.swift; path = EditNameViewController.swift; sourceTree = "<group>"; };
		803B280319F46E990045C0F4 /* EditDateTimeViewController.swift */ = {isa = PBXFileReference; fileEncoding = 4; lastKnownFileType = sourcecode.swift; path = EditDateTimeViewController.swift; sourceTree = "<group>"; };
		803B280519F46ED00045C0F4 /* EditLocationViewController.swift */ = {isa = PBXFileReference; fileEncoding = 4; lastKnownFileType = sourcecode.swift; path = EditLocationViewController.swift; sourceTree = "<group>"; };
		803B280719F48C2B0045C0F4 /* Group Project-Bridging-Header.h */ = {isa = PBXFileReference; lastKnownFileType = sourcecode.c.h; path = "Group Project-Bridging-Header.h"; sourceTree = "<group>"; };
		803B280B19F48C670045C0F4 /* DateUtil.h */ = {isa = PBXFileReference; fileEncoding = 4; lastKnownFileType = sourcecode.c.h; path = DateUtil.h; sourceTree = "<group>"; };
		803B280C19F48C670045C0F4 /* DateUtil.m */ = {isa = PBXFileReference; fileEncoding = 4; lastKnownFileType = sourcecode.c.objc; path = DateUtil.m; sourceTree = "<group>"; };
		803B280E19F48C670045C0F4 /* DMLazyScrollView.h */ = {isa = PBXFileReference; fileEncoding = 4; lastKnownFileType = sourcecode.c.h; path = DMLazyScrollView.h; sourceTree = "<group>"; };
		803B280F19F48C670045C0F4 /* DMLazyScrollView.m */ = {isa = PBXFileReference; fileEncoding = 4; lastKnownFileType = sourcecode.c.objc; path = DMLazyScrollView.m; sourceTree = "<group>"; };
		803B281019F48C670045C0F4 /* SACalendar.h */ = {isa = PBXFileReference; fileEncoding = 4; lastKnownFileType = sourcecode.c.h; path = SACalendar.h; sourceTree = "<group>"; };
		803B281119F48C670045C0F4 /* SACalendar.m */ = {isa = PBXFileReference; fileEncoding = 4; lastKnownFileType = sourcecode.c.objc; path = SACalendar.m; sourceTree = "<group>"; };
		803B281219F48C670045C0F4 /* SACalendarCell.h */ = {isa = PBXFileReference; fileEncoding = 4; lastKnownFileType = sourcecode.c.h; path = SACalendarCell.h; sourceTree = "<group>"; };
		803B281319F48C670045C0F4 /* SACalendarCell.m */ = {isa = PBXFileReference; fileEncoding = 4; lastKnownFileType = sourcecode.c.objc; path = SACalendarCell.m; sourceTree = "<group>"; };
		803B281419F48C670045C0F4 /* SACalendarConstants.h */ = {isa = PBXFileReference; fileEncoding = 4; lastKnownFileType = sourcecode.c.h; path = SACalendarConstants.h; sourceTree = "<group>"; };
		803B281919F48CDE0045C0F4 /* DayViewController.swift */ = {isa = PBXFileReference; fileEncoding = 4; lastKnownFileType = sourcecode.swift; path = DayViewController.swift; sourceTree = "<group>"; };
		80895C3019F5120100998F5C /* TimeInDayViewController.swift */ = {isa = PBXFileReference; fileEncoding = 4; lastKnownFileType = sourcecode.swift; name = TimeInDayViewController.swift; path = "Group Project/TimeInDayViewController.swift"; sourceTree = "<group>"; };
		80A68E4E19D15FB700D34365 /* Group Project.app */ = {isa = PBXFileReference; explicitFileType = wrapper.application; includeInIndex = 0; path = "Group Project.app"; sourceTree = BUILT_PRODUCTS_DIR; };
		80A68E5219D15FB700D34365 /* Info.plist */ = {isa = PBXFileReference; lastKnownFileType = text.plist.xml; path = Info.plist; sourceTree = "<group>"; };
		80A68E5319D15FB700D34365 /* AppDelegate.swift */ = {isa = PBXFileReference; lastKnownFileType = sourcecode.swift; path = AppDelegate.swift; sourceTree = "<group>"; };
		80A68E5519D15FB700D34365 /* ViewController.swift */ = {isa = PBXFileReference; lastKnownFileType = sourcecode.swift; path = ViewController.swift; sourceTree = "<group>"; };
		80A68E5819D15FB700D34365 /* Base */ = {isa = PBXFileReference; lastKnownFileType = file.storyboard; name = Base; path = Base.lproj/Main.storyboard; sourceTree = "<group>"; };
		80A68E5A19D15FB700D34365 /* Images.xcassets */ = {isa = PBXFileReference; lastKnownFileType = folder.assetcatalog; path = Images.xcassets; sourceTree = "<group>"; };
		80A68E5D19D15FB700D34365 /* Base */ = {isa = PBXFileReference; lastKnownFileType = file.xib; name = Base; path = Base.lproj/LaunchScreen.xib; sourceTree = "<group>"; };
		80A68E6319D15FB700D34365 /* Group ProjectTests.xctest */ = {isa = PBXFileReference; explicitFileType = wrapper.cfbundle; includeInIndex = 0; path = "Group ProjectTests.xctest"; sourceTree = BUILT_PRODUCTS_DIR; };
		80A68E6819D15FB700D34365 /* Info.plist */ = {isa = PBXFileReference; lastKnownFileType = text.plist.xml; path = Info.plist; sourceTree = "<group>"; };
		80A68E6919D15FB700D34365 /* Group_ProjectTests.swift */ = {isa = PBXFileReference; lastKnownFileType = sourcecode.swift; path = Group_ProjectTests.swift; sourceTree = "<group>"; };
		80AB88BC19DBB21B0082367C /* CreateAccountViewController.swift */ = {isa = PBXFileReference; fileEncoding = 4; lastKnownFileType = sourcecode.swift; path = CreateAccountViewController.swift; sourceTree = "<group>"; };
		80AB88BE19DBB31D0082367C /* CreateEventViewController.swift */ = {isa = PBXFileReference; fileEncoding = 4; lastKnownFileType = sourcecode.swift; path = CreateEventViewController.swift; sourceTree = "<group>"; };
		80BB61FB19F4CDC300EDA4AE /* EventViewController.swift */ = {isa = PBXFileReference; fileEncoding = 4; lastKnownFileType = sourcecode.swift; path = EventViewController.swift; sourceTree = "<group>"; };
		80CB752B19F330F0006516C6 /* SuppliesViewController.swift */ = {isa = PBXFileReference; fileEncoding = 4; lastKnownFileType = sourcecode.swift; path = SuppliesViewController.swift; sourceTree = "<group>"; };
		80CB752D19F33472006516C6 /* SuppliesCell.swift */ = {isa = PBXFileReference; fileEncoding = 4; lastKnownFileType = sourcecode.swift; path = SuppliesCell.swift; sourceTree = "<group>"; };
		AFA6A7D419F03F0E00E81508 /* NewUserViewController.swift */ = {isa = PBXFileReference; fileEncoding = 4; lastKnownFileType = sourcecode.swift; path = NewUserViewController.swift; sourceTree = "<group>"; };
		AFB3858B19F07BF30031CA5E /* EventTableViewCell.swift */ = {isa = PBXFileReference; fileEncoding = 4; lastKnownFileType = sourcecode.swift; path = EventTableViewCell.swift; sourceTree = "<group>"; };
		AFB3858D19F07C590031CA5E /* EventCell.swift */ = {isa = PBXFileReference; fileEncoding = 4; lastKnownFileType = sourcecode.swift; path = EventCell.swift; sourceTree = "<group>"; };
		AFCA6E0219F2FD11008F3861 /* TableViewViewController.swift */ = {isa = PBXFileReference; fileEncoding = 4; lastKnownFileType = sourcecode.swift; name = TableViewViewController.swift; path = ../TableViewViewController.swift; sourceTree = "<group>"; };
/* End PBXFileReference section */

/* Begin PBXFrameworksBuildPhase section */
		80A68E4B19D15FB700D34365 /* Frameworks */ = {
			isa = PBXFrameworksBuildPhase;
			buildActionMask = 2147483647;
			files = (
				800DFBAB19ED258E006CD470 /* CoreLocation.framework in Frameworks */,
			);
			runOnlyForDeploymentPostprocessing = 0;
		};
		80A68E6019D15FB700D34365 /* Frameworks */ = {
			isa = PBXFrameworksBuildPhase;
			buildActionMask = 2147483647;
			files = (
			);
			runOnlyForDeploymentPostprocessing = 0;
		};
/* End PBXFrameworksBuildPhase section */

/* Begin PBXGroup section */
		803B280A19F48C670045C0F4 /* SACalendarPlugin */ = {
			isa = PBXGroup;
			children = (
				803B280B19F48C670045C0F4 /* DateUtil.h */,
				803B280C19F48C670045C0F4 /* DateUtil.m */,
				803B280D19F48C670045C0F4 /* DMLazyScrollView */,
				803B281019F48C670045C0F4 /* SACalendar.h */,
				803B281119F48C670045C0F4 /* SACalendar.m */,
				803B281219F48C670045C0F4 /* SACalendarCell.h */,
				803B281319F48C670045C0F4 /* SACalendarCell.m */,
				803B281419F48C670045C0F4 /* SACalendarConstants.h */,
			);
			path = SACalendarPlugin;
			sourceTree = "<group>";
		};
		803B280D19F48C670045C0F4 /* DMLazyScrollView */ = {
			isa = PBXGroup;
			children = (
				803B280E19F48C670045C0F4 /* DMLazyScrollView.h */,
				803B280F19F48C670045C0F4 /* DMLazyScrollView.m */,
			);
			path = DMLazyScrollView;
			sourceTree = "<group>";
		};
		80A68E4519D15FB700D34365 = {
			isa = PBXGroup;
			children = (
				80895C3019F5120100998F5C /* TimeInDayViewController.swift */,
				800DFBAA19ED258E006CD470 /* CoreLocation.framework */,
				80A68E5019D15FB700D34365 /* Group Project */,
				80A68E6619D15FB700D34365 /* Group ProjectTests */,
				80A68E4F19D15FB700D34365 /* Products */,
			);
			sourceTree = "<group>";
		};
		80A68E4F19D15FB700D34365 /* Products */ = {
			isa = PBXGroup;
			children = (
				80A68E4E19D15FB700D34365 /* Group Project.app */,
				80A68E6319D15FB700D34365 /* Group ProjectTests.xctest */,
			);
			name = Products;
			sourceTree = "<group>";
		};
		80A68E5019D15FB700D34365 /* Group Project */ = {
			isa = PBXGroup;
			children = (
				AFCA6E0219F2FD11008F3861 /* TableViewViewController.swift */,
				80A68E5319D15FB700D34365 /* AppDelegate.swift */,
				80A68E5519D15FB700D34365 /* ViewController.swift */,
				80A68E5719D15FB700D34365 /* Main.storyboard */,
				80BB61FB19F4CDC300EDA4AE /* EventViewController.swift */,
				803B281919F48CDE0045C0F4 /* DayViewController.swift */,
				AFA6A7D419F03F0E00E81508 /* NewUserViewController.swift */,
				611F178519EE2B5A00DAEC15 /* ContactsViewController.swift */,
				611F178319EE197000DAEC15 /* SettingsViewController.swift */,
				6109942819EC9B03003CAEDD /* SignInViewController.swift */,
				80AB88BC19DBB21B0082367C /* CreateAccountViewController.swift */,
				80AB88BE19DBB31D0082367C /* CreateEventViewController.swift */,
				803B280519F46ED00045C0F4 /* EditLocationViewController.swift */,
				80246B9D19F4E51800BD6261 /* LocationCell.swift */,
				803B27FD19F393F10045C0F4 /* EditNameViewController.swift */,
				803B280319F46E990045C0F4 /* EditDateTimeViewController.swift */,
				80CB752B19F330F0006516C6 /* SuppliesViewController.swift */,
				80CB752D19F33472006516C6 /* SuppliesCell.swift */,
				AFB3858D19F07C590031CA5E /* EventCell.swift */,
				AFB3858B19F07BF30031CA5E /* EventTableViewCell.swift */,
				80A68E5A19D15FB700D34365 /* Images.xcassets */,
				80A68E5C19D15FB700D34365 /* LaunchScreen.xib */,
				80A68E5119D15FB700D34365 /* Supporting Files */,
				803B280719F48C2B0045C0F4 /* Group Project-Bridging-Header.h */,
				803B280A19F48C670045C0F4 /* SACalendarPlugin */,
			);
			path = "Group Project";
			sourceTree = "<group>";
		};
		80A68E5119D15FB700D34365 /* Supporting Files */ = {
			isa = PBXGroup;
			children = (
				80A68E5219D15FB700D34365 /* Info.plist */,
			);
			name = "Supporting Files";
			sourceTree = "<group>";
		};
		80A68E6619D15FB700D34365 /* Group ProjectTests */ = {
			isa = PBXGroup;
			children = (
				80A68E6919D15FB700D34365 /* Group_ProjectTests.swift */,
				80A68E6719D15FB700D34365 /* Supporting Files */,
			);
			path = "Group ProjectTests";
			sourceTree = "<group>";
		};
		80A68E6719D15FB700D34365 /* Supporting Files */ = {
			isa = PBXGroup;
			children = (
				80A68E6819D15FB700D34365 /* Info.plist */,
			);
			name = "Supporting Files";
			sourceTree = "<group>";
		};
/* End PBXGroup section */

/* Begin PBXNativeTarget section */
		80A68E4D19D15FB700D34365 /* Group Project */ = {
			isa = PBXNativeTarget;
			buildConfigurationList = 80A68E6D19D15FB700D34365 /* Build configuration list for PBXNativeTarget "Group Project" */;
			buildPhases = (
				80A68E4A19D15FB700D34365 /* Sources */,
				80A68E4B19D15FB700D34365 /* Frameworks */,
				80A68E4C19D15FB700D34365 /* Resources */,
			);
			buildRules = (
			);
			dependencies = (
			);
			name = "Group Project";
			productName = "Group Project";
			productReference = 80A68E4E19D15FB700D34365 /* Group Project.app */;
			productType = "com.apple.product-type.application";
		};
		80A68E6219D15FB700D34365 /* Group ProjectTests */ = {
			isa = PBXNativeTarget;
			buildConfigurationList = 80A68E7019D15FB700D34365 /* Build configuration list for PBXNativeTarget "Group ProjectTests" */;
			buildPhases = (
				80A68E5F19D15FB700D34365 /* Sources */,
				80A68E6019D15FB700D34365 /* Frameworks */,
				80A68E6119D15FB700D34365 /* Resources */,
			);
			buildRules = (
			);
			dependencies = (
				80A68E6519D15FB700D34365 /* PBXTargetDependency */,
			);
			name = "Group ProjectTests";
			productName = "Group ProjectTests";
			productReference = 80A68E6319D15FB700D34365 /* Group ProjectTests.xctest */;
			productType = "com.apple.product-type.bundle.unit-test";
		};
/* End PBXNativeTarget section */

/* Begin PBXProject section */
		80A68E4619D15FB700D34365 /* Project object */ = {
			isa = PBXProject;
			attributes = {
				LastUpgradeCheck = 0600;
				ORGANIZATIONNAME = "Hana-Ida-Jessica";
				TargetAttributes = {
					80A68E4D19D15FB700D34365 = {
						CreatedOnToolsVersion = 6.0;
						DevelopmentTeam = CAT6HF57NJ;
					};
					80A68E6219D15FB700D34365 = {
						CreatedOnToolsVersion = 6.0;
						DevelopmentTeam = CAT6HF57NJ;
						TestTargetID = 80A68E4D19D15FB700D34365;
					};
				};
			};
			buildConfigurationList = 80A68E4919D15FB700D34365 /* Build configuration list for PBXProject "Group Project" */;
			compatibilityVersion = "Xcode 3.2";
			developmentRegion = English;
			hasScannedForEncodings = 0;
			knownRegions = (
				en,
				Base,
			);
			mainGroup = 80A68E4519D15FB700D34365;
			productRefGroup = 80A68E4F19D15FB700D34365 /* Products */;
			projectDirPath = "";
			projectRoot = "";
			targets = (
				80A68E4D19D15FB700D34365 /* Group Project */,
				80A68E6219D15FB700D34365 /* Group ProjectTests */,
			);
		};
/* End PBXProject section */

/* Begin PBXResourcesBuildPhase section */
		80A68E4C19D15FB700D34365 /* Resources */ = {
			isa = PBXResourcesBuildPhase;
			buildActionMask = 2147483647;
			files = (
				80A68E5919D15FB700D34365 /* Main.storyboard in Resources */,
				80A68E5E19D15FB700D34365 /* LaunchScreen.xib in Resources */,
				80A68E5B19D15FB700D34365 /* Images.xcassets in Resources */,
			);
			runOnlyForDeploymentPostprocessing = 0;
		};
		80A68E6119D15FB700D34365 /* Resources */ = {
			isa = PBXResourcesBuildPhase;
			buildActionMask = 2147483647;
			files = (
			);
			runOnlyForDeploymentPostprocessing = 0;
		};
/* End PBXResourcesBuildPhase section */

/* Begin PBXSourcesBuildPhase section */
		80A68E4A19D15FB700D34365 /* Sources */ = {
			isa = PBXSourcesBuildPhase;
			buildActionMask = 2147483647;
			files = (
				803B280619F46ED00045C0F4 /* EditLocationViewController.swift in Sources */,
				803B281519F48C670045C0F4 /* DateUtil.m in Sources */,
				80BB61FC19F4CDC300EDA4AE /* EventViewController.swift in Sources */,
				80CB752C19F330F0006516C6 /* SuppliesViewController.swift in Sources */,
				AFB3858C19F07BF30031CA5E /* EventTableViewCell.swift in Sources */,
				803B27FE19F393F10045C0F4 /* EditNameViewController.swift in Sources */,
				80246B9E19F4E51800BD6261 /* LocationCell.swift in Sources */,
				80AB88BD19DBB21B0082367C /* CreateAccountViewController.swift in Sources */,
				803B281819F48C670045C0F4 /* SACalendarCell.m in Sources */,
				AFB3858E19F07C590031CA5E /* EventCell.swift in Sources */,
				611F178619EE2B5A00DAEC15 /* ContactsViewController.swift in Sources */,
				80A68E5619D15FB700D34365 /* ViewController.swift in Sources */,
				80A68E5419D15FB700D34365 /* AppDelegate.swift in Sources */,
				803B281A19F48CDE0045C0F4 /* DayViewController.swift in Sources */,
				803B281619F48C670045C0F4 /* DMLazyScrollView.m in Sources */,
				6109942919EC9B03003CAEDD /* SignInViewController.swift in Sources */,
				AFCA6E0319F2FD11008F3861 /* TableViewViewController.swift in Sources */,
				80AB88BF19DBB31D0082367C /* CreateEventViewController.swift in Sources */,
				AFA6A7D519F03F0E00E81508 /* NewUserViewController.swift in Sources */,
				803B280419F46E990045C0F4 /* EditDateTimeViewController.swift in Sources */,
				80895C3119F5120100998F5C /* TimeInDayViewController.swift in Sources */,
				80CB752E19F33472006516C6 /* SuppliesCell.swift in Sources */,
				611F178419EE197000DAEC15 /* SettingsViewController.swift in Sources */,
				803B281719F48C670045C0F4 /* SACalendar.m in Sources */,
			);
			runOnlyForDeploymentPostprocessing = 0;
		};
		80A68E5F19D15FB700D34365 /* Sources */ = {
			isa = PBXSourcesBuildPhase;
			buildActionMask = 2147483647;
			files = (
				80A68E6A19D15FB700D34365 /* Group_ProjectTests.swift in Sources */,
			);
			runOnlyForDeploymentPostprocessing = 0;
		};
/* End PBXSourcesBuildPhase section */

/* Begin PBXTargetDependency section */
		80A68E6519D15FB700D34365 /* PBXTargetDependency */ = {
			isa = PBXTargetDependency;
			target = 80A68E4D19D15FB700D34365 /* Group Project */;
			targetProxy = 80A68E6419D15FB700D34365 /* PBXContainerItemProxy */;
		};
/* End PBXTargetDependency section */

/* Begin PBXVariantGroup section */
		80A68E5719D15FB700D34365 /* Main.storyboard */ = {
			isa = PBXVariantGroup;
			children = (
				80A68E5819D15FB700D34365 /* Base */,
			);
			name = Main.storyboard;
			sourceTree = "<group>";
		};
		80A68E5C19D15FB700D34365 /* LaunchScreen.xib */ = {
			isa = PBXVariantGroup;
			children = (
				80A68E5D19D15FB700D34365 /* Base */,
			);
			name = LaunchScreen.xib;
			sourceTree = "<group>";
		};
/* End PBXVariantGroup section */

/* Begin XCBuildConfiguration section */
		80A68E6B19D15FB700D34365 /* Debug */ = {
			isa = XCBuildConfiguration;
			buildSettings = {
				ALWAYS_SEARCH_USER_PATHS = NO;
				CLANG_CXX_LANGUAGE_STANDARD = "gnu++0x";
				CLANG_CXX_LIBRARY = "libc++";
				CLANG_ENABLE_MODULES = YES;
				CLANG_ENABLE_OBJC_ARC = YES;
				CLANG_WARN_BOOL_CONVERSION = YES;
				CLANG_WARN_CONSTANT_CONVERSION = YES;
				CLANG_WARN_DIRECT_OBJC_ISA_USAGE = YES_ERROR;
				CLANG_WARN_EMPTY_BODY = YES;
				CLANG_WARN_ENUM_CONVERSION = YES;
				CLANG_WARN_INT_CONVERSION = YES;
				CLANG_WARN_OBJC_ROOT_CLASS = YES_ERROR;
				CLANG_WARN_UNREACHABLE_CODE = YES;
				CLANG_WARN__DUPLICATE_METHOD_MATCH = YES;
				"CODE_SIGN_IDENTITY[sdk=iphoneos*]" = "iPhone Developer";
				COPY_PHASE_STRIP = NO;
				ENABLE_STRICT_OBJC_MSGSEND = YES;
				GCC_C_LANGUAGE_STANDARD = gnu99;
				GCC_DYNAMIC_NO_PIC = NO;
				GCC_OPTIMIZATION_LEVEL = 0;
				GCC_PREPROCESSOR_DEFINITIONS = (
					"DEBUG=1",
					"$(inherited)",
				);
				GCC_SYMBOLS_PRIVATE_EXTERN = NO;
				GCC_WARN_64_TO_32_BIT_CONVERSION = YES;
				GCC_WARN_ABOUT_RETURN_TYPE = YES_ERROR;
				GCC_WARN_UNDECLARED_SELECTOR = YES;
				GCC_WARN_UNINITIALIZED_AUTOS = YES_AGGRESSIVE;
				GCC_WARN_UNUSED_FUNCTION = YES;
				GCC_WARN_UNUSED_VARIABLE = YES;
				IPHONEOS_DEPLOYMENT_TARGET = 8.0;
				MTL_ENABLE_DEBUG_INFO = YES;
				ONLY_ACTIVE_ARCH = YES;
				SDKROOT = iphoneos;
				SWIFT_OPTIMIZATION_LEVEL = "-Onone";
			};
			name = Debug;
		};
		80A68E6C19D15FB700D34365 /* Release */ = {
			isa = XCBuildConfiguration;
			buildSettings = {
				ALWAYS_SEARCH_USER_PATHS = NO;
				CLANG_CXX_LANGUAGE_STANDARD = "gnu++0x";
				CLANG_CXX_LIBRARY = "libc++";
				CLANG_ENABLE_MODULES = YES;
				CLANG_ENABLE_OBJC_ARC = YES;
				CLANG_WARN_BOOL_CONVERSION = YES;
				CLANG_WARN_CONSTANT_CONVERSION = YES;
				CLANG_WARN_DIRECT_OBJC_ISA_USAGE = YES_ERROR;
				CLANG_WARN_EMPTY_BODY = YES;
				CLANG_WARN_ENUM_CONVERSION = YES;
				CLANG_WARN_INT_CONVERSION = YES;
				CLANG_WARN_OBJC_ROOT_CLASS = YES_ERROR;
				CLANG_WARN_UNREACHABLE_CODE = YES;
				CLANG_WARN__DUPLICATE_METHOD_MATCH = YES;
				"CODE_SIGN_IDENTITY[sdk=iphoneos*]" = "iPhone Developer";
				COPY_PHASE_STRIP = YES;
				ENABLE_NS_ASSERTIONS = NO;
				ENABLE_STRICT_OBJC_MSGSEND = YES;
				GCC_C_LANGUAGE_STANDARD = gnu99;
				GCC_WARN_64_TO_32_BIT_CONVERSION = YES;
				GCC_WARN_ABOUT_RETURN_TYPE = YES_ERROR;
				GCC_WARN_UNDECLARED_SELECTOR = YES;
				GCC_WARN_UNINITIALIZED_AUTOS = YES_AGGRESSIVE;
				GCC_WARN_UNUSED_FUNCTION = YES;
				GCC_WARN_UNUSED_VARIABLE = YES;
				IPHONEOS_DEPLOYMENT_TARGET = 8.0;
				MTL_ENABLE_DEBUG_INFO = NO;
				SDKROOT = iphoneos;
				VALIDATE_PRODUCT = YES;
			};
			name = Release;
		};
		80A68E6E19D15FB700D34365 /* Debug */ = {
			isa = XCBuildConfiguration;
			buildSettings = {
				ASSETCATALOG_COMPILER_APPICON_NAME = AppIcon;
				CLANG_ENABLE_MODULES = YES;
				CODE_SIGN_IDENTITY = "iPhone Developer";
				"CODE_SIGN_IDENTITY[sdk=iphoneos*]" = "iPhone Developer";
				INFOPLIST_FILE = "Group Project/Info.plist";
				IPHONEOS_DEPLOYMENT_TARGET = 7.1;
				LD_RUNPATH_SEARCH_PATHS = "$(inherited) @executable_path/Frameworks";
				PRODUCT_NAME = "$(TARGET_NAME)";
				PROVISIONING_PROFILE = "";
				SWIFT_OBJC_BRIDGING_HEADER = "Group Project/Group Project-Bridging-Header.h";
				SWIFT_OPTIMIZATION_LEVEL = "-Onone";
			};
			name = Debug;
		};
		80A68E6F19D15FB700D34365 /* Release */ = {
			isa = XCBuildConfiguration;
			buildSettings = {
				ASSETCATALOG_COMPILER_APPICON_NAME = AppIcon;
				CLANG_ENABLE_MODULES = YES;
				CODE_SIGN_IDENTITY = "iPhone Developer";
				"CODE_SIGN_IDENTITY[sdk=iphoneos*]" = "iPhone Developer";
				INFOPLIST_FILE = "Group Project/Info.plist";
				IPHONEOS_DEPLOYMENT_TARGET = 7.1;
				LD_RUNPATH_SEARCH_PATHS = "$(inherited) @executable_path/Frameworks";
				PRODUCT_NAME = "$(TARGET_NAME)";
				PROVISIONING_PROFILE = "";
				SWIFT_OBJC_BRIDGING_HEADER = "Group Project/Group Project-Bridging-Header.h";
			};
			name = Release;
		};
		80A68E7119D15FB700D34365 /* Debug */ = {
			isa = XCBuildConfiguration;
			buildSettings = {
				BUNDLE_LOADER = "$(TEST_HOST)";
				FRAMEWORK_SEARCH_PATHS = (
					"$(SDKROOT)/Developer/Library/Frameworks",
					"$(inherited)",
				);
				GCC_PREPROCESSOR_DEFINITIONS = (
					"DEBUG=1",
					"$(inherited)",
				);
				INFOPLIST_FILE = "Group ProjectTests/Info.plist";
				LD_RUNPATH_SEARCH_PATHS = "$(inherited) @executable_path/Frameworks @loader_path/Frameworks";
				PRODUCT_NAME = "$(TARGET_NAME)";
				TEST_HOST = "$(BUILT_PRODUCTS_DIR)/Group Project.app/Group Project";
			};
			name = Debug;
		};
		80A68E7219D15FB700D34365 /* Release */ = {
			isa = XCBuildConfiguration;
			buildSettings = {
				BUNDLE_LOADER = "$(TEST_HOST)";
				FRAMEWORK_SEARCH_PATHS = (
					"$(SDKROOT)/Developer/Library/Frameworks",
					"$(inherited)",
				);
				INFOPLIST_FILE = "Group ProjectTests/Info.plist";
				LD_RUNPATH_SEARCH_PATHS = "$(inherited) @executable_path/Frameworks @loader_path/Frameworks";
				PRODUCT_NAME = "$(TARGET_NAME)";
				TEST_HOST = "$(BUILT_PRODUCTS_DIR)/Group Project.app/Group Project";
			};
			name = Release;
		};
/* End XCBuildConfiguration section */

/* Begin XCConfigurationList section */
		80A68E4919D15FB700D34365 /* Build configuration list for PBXProject "Group Project" */ = {
			isa = XCConfigurationList;
			buildConfigurations = (
				80A68E6B19D15FB700D34365 /* Debug */,
				80A68E6C19D15FB700D34365 /* Release */,
			);
			defaultConfigurationIsVisible = 0;
			defaultConfigurationName = Release;
		};
		80A68E6D19D15FB700D34365 /* Build configuration list for PBXNativeTarget "Group Project" */ = {
			isa = XCConfigurationList;
			buildConfigurations = (
				80A68E6E19D15FB700D34365 /* Debug */,
				80A68E6F19D15FB700D34365 /* Release */,
			);
			defaultConfigurationIsVisible = 0;
			defaultConfigurationName = Release;
		};
		80A68E7019D15FB700D34365 /* Build configuration list for PBXNativeTarget "Group ProjectTests" */ = {
			isa = XCConfigurationList;
			buildConfigurations = (
				80A68E7119D15FB700D34365 /* Debug */,
				80A68E7219D15FB700D34365 /* Release */,
			);
			defaultConfigurationIsVisible = 0;
			defaultConfigurationName = Release;
		};
/* End XCConfigurationList section */
	};
	rootObject = 80A68E4619D15FB700D34365 /* Project object */;
}
